# This file is autogenerated, do not edit; changes may be undone by the next 'dep ensure'.


[[projects]]
  digest = "1:d2b96812abd2846decfc39e5329b6952a2ab5243c6937e1830c00b81e2c0a301"
  name = "github.com/boltdb/bolt"
  packages = ["."]
  pruneopts = "UT"
  revision = "4b1ebc1869ad66568b313d0dc410e2be72670dda"

[[projects]]
  digest = "1:16ae35b3a854c667baaf55ff5d455c486f7c2baf040a2727f2ef0e4b096b2a95"
  name = "github.com/hashicorp/logutils"
  packages = ["."]
  pruneopts = "UT"
  revision = "a335183dfd075f638afcc820c90591ca3c97eba6"
  version = "v1.0.0"

[[projects]]
  digest = "1:76b0203be9097b0b7f39fdae58653a612996bbbe9b1e1f3998a39ecd473a8f7d"
  name = "github.com/jessevdk/go-flags"
  packages = ["."]
  pruneopts = "UT"
  revision = "f2785f5820ec967043de79c8be97edfc464ca745"

[[projects]]
  digest = "1:0599213459e7ef9398ab20b26722ebeaeed4d9d85255005ddf0a5c47f8c02670"
  name = "github.com/pkg/errors"
  packages = ["."]
  pruneopts = "UT"
  revision = "c605e284fe17294bda444b34710735b29d1a9d90"

[[projects]]
  digest = "1:efb5e37c9d122ffb16ff1eb066f7ca1ec377efb711eba03d72b14fd40f6d7669"
  name = "github.com/remeh/sizedwaitgroup"
  packages = ["."]
  pruneopts = "UT"
  revision = "4b44541c93591ee0e73747d6081e61bd8c58b5c7"

[[projects]]
  digest = "1:f6cddf43d3ba4cf44f3fb4b9fe9d700d9dfc146d3d84d0810e6385a55a605ac3"
  name = "github.com/stretchr/testify"
  packages = ["assert"]
  pruneopts = "UT"
  revision = "f3960ab1f9664ecc4e27c78af27cc9063d745a43"

[[projects]]
  branch = "master"
  digest = "1:9399de11945e643d7131cf070736122b76800d92d57a80494bd9a4e73e6979f3"
  name = "golang.org/x/sys"
  packages = ["unix"]
  pruneopts = "UT"
  revision = "a5c9d58dba9a56f97aaa86f55e638b718c5a6c42"

[[projects]]
  digest = "1:858458e1fcdb1cb44ded97c2ae2b610ee9336fdb0a8347ea1ad835e6a1db6c76"
  name = "gopkg.in/yaml.v2"
  packages = ["."]
  pruneopts = "UT"
  revision = "a83829b6f1293c91addabc89d0571c246397bbf4"

[solve-meta]
  analyzer-name = "dep"
  analyzer-version = 1
  input-imports = [
    "github.com/boltdb/bolt",
    "github.com/hashicorp/logutils",
    "github.com/jessevdk/go-flags",
    "github.com/pkg/errors",
    "github.com/remeh/sizedwaitgroup",
    "github.com/stretchr/testify/assert",
    "gopkg.in/yaml.v2",
  ]
  solver-name = "gps-cdcl"
  solver-version = 1
